{"version":4,"terraform_version":"1.10.7","serial":85,"lineage":"f10df5aa-2cfc-59c0-2729-3db8f19e0836","outputs":{"lambda_url":{"value":"https://ca72a6gcvrh4by2a5whpwqhada0dpspi.lambda-url.us-east-1.on.aws/","type":"string"}},"resources":[{"mode":"data","type":"archive_file","name":"lambda_zip","provider":"provider[\"registry.opentofu.org/hashicorp/archive\"]","instances":[{"schema_version":0,"attributes":{"exclude_symlink_directories":null,"excludes":null,"id":"e9e9d46e48830880c3b1b73a37242e6508f63aac","output_base64sha256":"saFGDAe0jSzv8IxAEzdIMUiO+j/NU5ZWUYP9Jj5ZhEY=","output_base64sha512":"X8fcH8BIla4GiDGVGI7fLw25LVbkv3a9J1mXtDEY53TFeLnj4ygPVjlua0PABcqek+xcRoKtJhOmjG2RWpGN8w==","output_file_mode":null,"output_md5":"588b2192440c465097eed9c23ae32c17","output_path":"./lambda.zip","output_sha":"e9e9d46e48830880c3b1b73a37242e6508f63aac","output_sha256":"b1a1460c07b48d2ceff08c4013374831488efa3fcd5396565183fd263e598446","output_sha512":"5fc7dc1fc04895ae06883195188edf2f0db92d56e4bf76bd275997b43118e774c578b9e3e3280f56396e6b43c005ca9e93ec5c4682ad2613a68c6d915a918df3","output_size":3097457,"source":[],"source_content":null,"source_content_filename":null,"source_dir":"./lambda","source_file":null,"type":"zip"},"sensitive_attributes":[]}]},{"mode":"managed","type":"aws_dynamodb_table","name":"setback_games","provider":"provider[\"registry.opentofu.org/hashicorp/aws\"]","instances":[{"schema_version":1,"attributes":{"arn":"arn:aws:dynamodb:us-east-1:942908576401:table/setback-games","attribute":[{"name":"gameId","type":"S"}],"billing_mode":"PAY_PER_REQUEST","deletion_protection_enabled":false,"global_secondary_index":[],"global_table_witness":[],"hash_key":"gameId","id":"setback-games","import_table":[],"local_secondary_index":[],"name":"setback-games","on_demand_throughput":[],"point_in_time_recovery":[{"enabled":false,"recovery_period_in_days":0}],"range_key":null,"read_capacity":0,"region":"us-east-1","replica":[],"restore_date_time":null,"restore_source_name":null,"restore_source_table_arn":null,"restore_to_latest_time":null,"server_side_encryption":[],"stream_arn":"","stream_enabled":false,"stream_label":"","stream_view_type":"","table_class":"STANDARD","tags":{"App":"Setback"},"tags_all":{"App":"Setback"},"timeouts":null,"ttl":[{"attribute_name":"","enabled":false}],"warm_throughput":[],"write_capacity":0},"sensitive_attributes":[],"private":"eyJlMmJmYjczMC1lY2FhLTExZTYtOGY4OC0zNDM2M2JjN2M0YzAiOnsiY3JlYXRlIjoxODAwMDAwMDAwMDAwLCJkZWxldGUiOjYwMDAwMDAwMDAwMCwidXBkYXRlIjozNjAwMDAwMDAwMDAwfSwic2NoZW1hX3ZlcnNpb24iOiIxIn0="}]},{"mode":"managed","type":"aws_iam_role","name":"lambda_exec_role","provider":"provider[\"registry.opentofu.org/hashicorp/aws\"]","instances":[{"schema_version":0,"attributes":{"arn":"arn:aws:iam::942908576401:role/setback-lambda-exec-role","assume_role_policy":"{\"Statement\":[{\"Action\":\"sts:AssumeRole\",\"Effect\":\"Allow\",\"Principal\":{\"Service\":\"lambda.amazonaws.com\"}}],\"Version\":\"2012-10-17\"}","create_date":"2026-01-11T14:19:47Z","description":"","force_detach_policies":false,"id":"setback-lambda-exec-role","inline_policy":[{"name":"lambda-dynamodb-access","policy":"{\"Version\":\"2012-10-17\",\"Statement\":[{\"Action\":[\"dynamodb:GetItem\",\"dynamodb:PutItem\",\"dynamodb:DeleteItem\",\"dynamodb:UpdateItem\",\"dynamodb:Query\",\"dynamodb:Scan\"],\"Effect\":\"Allow\",\"Resource\":\"arn:aws:dynamodb:us-east-1:942908576401:table/setback-games\"}]}"}],"managed_policy_arns":["arn:aws:iam::aws:policy/service-role/AWSLambdaBasicExecutionRole"],"max_session_duration":3600,"name":"setback-lambda-exec-role","name_prefix":"","path":"/","permissions_boundary":"","tags":{},"tags_all":{},"unique_id":"AROA5XCN3CKIWDJQPIJNS"},"sensitive_attributes":[],"private":"bnVsbA=="}]},{"mode":"managed","type":"aws_iam_role_policy","name":"lambda_dynamodb_policy","provider":"provider[\"registry.opentofu.org/hashicorp/aws\"]","instances":[{"schema_version":0,"attributes":{"id":"setback-lambda-exec-role:lambda-dynamodb-access","name":"lambda-dynamodb-access","name_prefix":"","policy":"{\"Version\":\"2012-10-17\",\"Statement\":[{\"Action\":[\"dynamodb:GetItem\",\"dynamodb:PutItem\",\"dynamodb:DeleteItem\",\"dynamodb:UpdateItem\",\"dynamodb:Query\",\"dynamodb:Scan\"],\"Effect\":\"Allow\",\"Resource\":\"arn:aws:dynamodb:us-east-1:942908576401:table/setback-games\"}]}","role":"setback-lambda-exec-role"},"sensitive_attributes":[],"private":"bnVsbA==","dependencies":["aws_dynamodb_table.setback_games","aws_iam_role.lambda_exec_role"]}]},{"mode":"managed","type":"aws_iam_role_policy_attachment","name":"lambda_logs","provider":"provider[\"registry.opentofu.org/hashicorp/aws\"]","instances":[{"schema_version":0,"attributes":{"id":"setback-lambda-exec-role/arn:aws:iam::aws:policy/service-role/AWSLambdaBasicExecutionRole","policy_arn":"arn:aws:iam::aws:policy/service-role/AWSLambdaBasicExecutionRole","role":"setback-lambda-exec-role"},"sensitive_attributes":[],"private":"bnVsbA==","dependencies":["aws_iam_role.lambda_exec_role"]}]},{"mode":"managed","type":"aws_lambda_function","name":"setback_backend","provider":"provider[\"registry.opentofu.org/hashicorp/aws\"]","instances":[{"schema_version":0,"attributes":{"architectures":["x86_64"],"arn":"arn:aws:lambda:us-east-1:942908576401:function:setback-backend","capacity_provider_config":[],"code_sha256":"saFGDAe0jSzv8IxAEzdIMUiO+j/NU5ZWUYP9Jj5ZhEY=","code_signing_config_arn":"","dead_letter_config":[],"description":"","durable_config":[],"environment":[{"variables":{"TABLE_NAME":"setback-games"}}],"ephemeral_storage":[{"size":512}],"file_system_config":[],"filename":"./lambda.zip","function_name":"setback-backend","handler":"index.handler","id":"setback-backend","image_config":[],"image_uri":"","invoke_arn":"arn:aws:apigateway:us-east-1:lambda:path/2015-03-31/functions/arn:aws:lambda:us-east-1:942908576401:function:setback-backend/invocations","kms_key_arn":"","last_modified":"2026-01-12T10:45:51.000+0000","layers":[],"logging_config":[{"application_log_level":"","log_format":"Text","log_group":"/aws/lambda/setback-backend","system_log_level":""}],"memory_size":128,"package_type":"Zip","publish":false,"publish_to":null,"qualified_arn":"arn:aws:lambda:us-east-1:942908576401:function:setback-backend:$LATEST","qualified_invoke_arn":"arn:aws:apigateway:us-east-1:lambda:path/2015-03-31/functions/arn:aws:lambda:us-east-1:942908576401:function:setback-backend:$LATEST/invocations","region":"us-east-1","replace_security_groups_on_destroy":null,"replacement_security_group_ids":null,"reserved_concurrent_executions":-1,"role":"arn:aws:iam::942908576401:role/setback-lambda-exec-role","runtime":"nodejs24.x","s3_bucket":null,"s3_key":null,"s3_object_version":null,"signing_job_arn":"","signing_profile_version_arn":"","skip_destroy":false,"snap_start":[],"source_code_hash":"saFGDAe0jSzv8IxAEzdIMUiO+j/NU5ZWUYP9Jj5ZhEY=","source_code_size":3097457,"source_kms_key_arn":"","tags":{},"tags_all":{},"tenancy_config":[],"timeout":15,"timeouts":null,"tracing_config":[{"mode":"PassThrough"}],"version":"$LATEST","vpc_config":[]},"sensitive_attributes":[],"private":"eyJlMmJmYjczMC1lY2FhLTExZTYtOGY4OC0zNDM2M2JjN2M0YzAiOnsiY3JlYXRlIjo2MDAwMDAwMDAwMDAsImRlbGV0ZSI6NjAwMDAwMDAwMDAwLCJ1cGRhdGUiOjYwMDAwMDAwMDAwMH19","dependencies":["aws_dynamodb_table.setback_games","aws_iam_role.lambda_exec_role","data.archive_file.lambda_zip"]}]},{"mode":"managed","type":"aws_lambda_function_url","name":"setback_backend_url","provider":"provider[\"registry.opentofu.org/hashicorp/aws\"]","instances":[{"schema_version":0,"attributes":{"authorization_type":"NONE","cors":[{"allow_credentials":false,"allow_headers":[],"allow_methods":["*"],"allow_origins":["*"],"expose_headers":[],"max_age":0}],"function_arn":"arn:aws:lambda:us-east-1:942908576401:function:setback-backend","function_name":"setback-backend","function_url":"https://ca72a6gcvrh4by2a5whpwqhada0dpspi.lambda-url.us-east-1.on.aws/","id":"setback-backend","invoke_mode":"BUFFERED","qualifier":"","region":"us-east-1","timeouts":null,"url_id":"ca72a6gcvrh4by2a5whpwqhada0dpspi"},"sensitive_attributes":[],"private":"eyJlMmJmYjczMC1lY2FhLTExZTYtOGY4OC0zNDM2M2JjN2M0YzAiOnsiY3JlYXRlIjo2MDAwMDAwMDAwMDB9fQ==","dependencies":["aws_dynamodb_table.setback_games","aws_iam_role.lambda_exec_role","aws_lambda_function.setback_backend","data.archive_file.lambda_zip"]}]}],"check_results":null}
