{"version":4,"terraform_version":"1.10.7","serial":1,"lineage":"f10df5aa-2cfc-59c0-2729-3db8f19e0836","outputs":{"lambda_url":{"value":"https://jtvblqphsnjy2d3h4r6kandcwu0ntbys.lambda-url.us-east-1.on.aws/","type":"string"}},"resources":[{"mode":"data","type":"archive_file","name":"lambda_zip","provider":"provider[\"registry.opentofu.org/hashicorp/archive\"]","instances":[{"schema_version":0,"attributes":{"exclude_symlink_directories":null,"excludes":null,"id":"d0b82f639f446332ab82693f764ea9e74ed95730","output_base64sha256":"LXar56uRY8wLiKuTw8iF6o9Mcc69Vhe6AntxqdP45+I=","output_base64sha512":"zkzug2JDaZTIQJ5ZdgZyoFL0gJXNtgwHm+AFKIXdFdTQMvZtOY9TGcIwcEmt5INz2y0QG0+tqpdtZHgpFQmvZQ==","output_file_mode":null,"output_md5":"55b12911c41412f2055547143fce0752","output_path":"./lambda.zip","output_sha":"d0b82f639f446332ab82693f764ea9e74ed95730","output_sha256":"2d76abe7ab9163cc0b88ab93c3c885ea8f4c71cebd5617ba027b71a9d3f8e7e2","output_sha512":"ce4cee8362436994c8409e59760672a052f48095cdb60c079be0052885dd15d4d032f66d398f5319c2307049ade48373db2d101b4fadaa976d6478291509af65","output_size":2889,"source":[],"source_content":null,"source_content_filename":null,"source_dir":"./lambda","source_file":null,"type":"zip"},"sensitive_attributes":[]}]},{"mode":"managed","type":"aws_dynamodb_table","name":"game_state","provider":"provider[\"registry.opentofu.org/hashicorp/aws\"]","instances":[{"schema_version":1,"attributes":{"arn":"arn:aws:dynamodb:us-east-1:942908576401:table/setback-gamestate","attribute":[{"name":"PK","type":"S"},{"name":"SK","type":"S"}],"billing_mode":"PAY_PER_REQUEST","deletion_protection_enabled":false,"global_secondary_index":[],"global_table_witness":[],"hash_key":"PK","id":"setback-gamestate","import_table":[],"local_secondary_index":[],"name":"setback-gamestate","on_demand_throughput":[],"point_in_time_recovery":[{"enabled":false,"recovery_period_in_days":0}],"range_key":"SK","read_capacity":0,"region":"us-east-1","replica":[],"restore_date_time":null,"restore_source_name":null,"restore_source_table_arn":null,"restore_to_latest_time":null,"server_side_encryption":[],"stream_arn":"","stream_enabled":false,"stream_label":"","stream_view_type":"","table_class":"STANDARD","tags":{"App":"Set Back"},"tags_all":{"App":"Set Back"},"timeouts":null,"ttl":[{"attribute_name":"","enabled":false}],"warm_throughput":[],"write_capacity":0},"sensitive_attributes":[],"private":"eyJlMmJmYjczMC1lY2FhLTExZTYtOGY4OC0zNDM2M2JjN2M0YzAiOnsiY3JlYXRlIjoxODAwMDAwMDAwMDAwLCJkZWxldGUiOjYwMDAwMDAwMDAwMCwidXBkYXRlIjozNjAwMDAwMDAwMDAwfSwic2NoZW1hX3ZlcnNpb24iOiIxIn0="}]},{"mode":"managed","type":"aws_iam_role","name":"lambda_exec_role","provider":"provider[\"registry.opentofu.org/hashicorp/aws\"]","instances":[{"schema_version":0,"attributes":{"arn":"arn:aws:iam::942908576401:role/setback-lambda-exec-role","assume_role_policy":"{\"Statement\":[{\"Action\":\"sts:AssumeRole\",\"Effect\":\"Allow\",\"Principal\":{\"Service\":\"lambda.amazonaws.com\"}}],\"Version\":\"2012-10-17\"}","create_date":"2026-01-06T15:34:35Z","description":"","force_detach_policies":false,"id":"setback-lambda-exec-role","inline_policy":[],"managed_policy_arns":[],"max_session_duration":3600,"name":"setback-lambda-exec-role","name_prefix":"","path":"/","permissions_boundary":"","tags":null,"tags_all":{},"unique_id":"AROA5XCN3CKIRIWRB2E7K"},"sensitive_attributes":[],"private":"bnVsbA=="}]},{"mode":"managed","type":"aws_iam_role_policy","name":"lambda_dynamodb_policy","provider":"provider[\"registry.opentofu.org/hashicorp/aws\"]","instances":[{"schema_version":0,"attributes":{"id":"setback-lambda-exec-role:lambda-dynamodb-access","name":"lambda-dynamodb-access","name_prefix":"","policy":"{\"Version\":\"2012-10-17\",\"Statement\":[{\"Action\":[\"dynamodb:GetItem\",\"dynamodb:PutItem\",\"dynamodb:UpdateItem\",\"dynamodb:DeleteItem\",\"dynamodb:Query\",\"dynamodb:Scan\"],\"Effect\":\"Allow\",\"Resource\":\"arn:aws:dynamodb:us-east-1:942908576401:table/setback-gamestate\"}]}","role":"setback-lambda-exec-role"},"sensitive_attributes":[],"private":"bnVsbA==","dependencies":["aws_dynamodb_table.game_state","aws_iam_role.lambda_exec_role"]}]},{"mode":"managed","type":"aws_iam_role_policy_attachment","name":"lambda_logs","provider":"provider[\"registry.opentofu.org/hashicorp/aws\"]","instances":[{"schema_version":0,"attributes":{"id":"setback-lambda-exec-role/arn:aws:iam::aws:policy/service-role/AWSLambdaBasicExecutionRole","policy_arn":"arn:aws:iam::aws:policy/service-role/AWSLambdaBasicExecutionRole","role":"setback-lambda-exec-role"},"sensitive_attributes":[],"private":"bnVsbA==","dependencies":["aws_iam_role.lambda_exec_role"]}]},{"mode":"managed","type":"aws_lambda_function","name":"setback_backend","provider":"provider[\"registry.opentofu.org/hashicorp/aws\"]","instances":[{"schema_version":0,"attributes":{"architectures":["x86_64"],"arn":"arn:aws:lambda:us-east-1:942908576401:function:setback-backend","capacity_provider_config":[],"code_sha256":"LXar56uRY8wLiKuTw8iF6o9Mcc69Vhe6AntxqdP45+I=","code_signing_config_arn":"","dead_letter_config":[],"description":"","durable_config":[],"environment":[{"variables":{"TABLE_NAME":"setback-gamestate"}}],"ephemeral_storage":[{"size":512}],"file_system_config":[],"filename":"./lambda.zip","function_name":"setback-backend","handler":"index.handler","id":"setback-backend","image_config":[],"image_uri":"","invoke_arn":"arn:aws:apigateway:us-east-1:lambda:path/2015-03-31/functions/arn:aws:lambda:us-east-1:942908576401:function:setback-backend/invocations","kms_key_arn":"","last_modified":"2026-01-06T15:34:46.484+0000","layers":null,"logging_config":[{"application_log_level":"","log_format":"Text","log_group":"/aws/lambda/setback-backend","system_log_level":""}],"memory_size":128,"package_type":"Zip","publish":false,"publish_to":null,"qualified_arn":"arn:aws:lambda:us-east-1:942908576401:function:setback-backend:$LATEST","qualified_invoke_arn":"arn:aws:apigateway:us-east-1:lambda:path/2015-03-31/functions/arn:aws:lambda:us-east-1:942908576401:function:setback-backend:$LATEST/invocations","region":"us-east-1","replace_security_groups_on_destroy":null,"replacement_security_group_ids":null,"reserved_concurrent_executions":-1,"role":"arn:aws:iam::942908576401:role/setback-lambda-exec-role","runtime":"nodejs24.x","s3_bucket":null,"s3_key":null,"s3_object_version":null,"signing_job_arn":"","signing_profile_version_arn":"","skip_destroy":false,"snap_start":[],"source_code_hash":"LXar56uRY8wLiKuTw8iF6o9Mcc69Vhe6AntxqdP45+I=","source_code_size":2889,"source_kms_key_arn":"","tags":null,"tags_all":{},"tenancy_config":[],"timeout":3,"timeouts":null,"tracing_config":[{"mode":"PassThrough"}],"version":"$LATEST","vpc_config":[]},"sensitive_attributes":[],"private":"eyJlMmJmYjczMC1lY2FhLTExZTYtOGY4OC0zNDM2M2JjN2M0YzAiOnsiY3JlYXRlIjo2MDAwMDAwMDAwMDAsImRlbGV0ZSI6NjAwMDAwMDAwMDAwLCJ1cGRhdGUiOjYwMDAwMDAwMDAwMH19","dependencies":["aws_dynamodb_table.game_state","aws_iam_role.lambda_exec_role","data.archive_file.lambda_zip"]}]},{"mode":"managed","type":"aws_lambda_function_url","name":"setback_backend_url","provider":"provider[\"registry.opentofu.org/hashicorp/aws\"]","instances":[{"schema_version":0,"attributes":{"authorization_type":"NONE","cors":[{"allow_credentials":false,"allow_headers":null,"allow_methods":["*"],"allow_origins":["*"],"expose_headers":null,"max_age":0}],"function_arn":"arn:aws:lambda:us-east-1:942908576401:function:setback-backend","function_name":"setback-backend","function_url":"https://jtvblqphsnjy2d3h4r6kandcwu0ntbys.lambda-url.us-east-1.on.aws/","id":"setback-backend","invoke_mode":"BUFFERED","qualifier":"","region":"us-east-1","timeouts":null,"url_id":"jtvblqphsnjy2d3h4r6kandcwu0ntbys"},"sensitive_attributes":[],"private":"eyJlMmJmYjczMC1lY2FhLTExZTYtOGY4OC0zNDM2M2JjN2M0YzAiOnsiY3JlYXRlIjo2MDAwMDAwMDAwMDB9fQ==","dependencies":["aws_dynamodb_table.game_state","aws_iam_role.lambda_exec_role","aws_lambda_function.setback_backend","data.archive_file.lambda_zip"]}]}],"check_results":null}
